{
  "name": "@liquid-bricks/obs-collector",
  "version": "1.0.0",
  "lockfileVersion": 3,
  "requires": true,
  "packages": {
    "": {
      "name": "@liquid-bricks/obs-collector",
      "version": "1.0.0",
      "license": "ISC",
      "dependencies": {
        "@liquid-bricks/lib-nats-context": "github:LiquidBricks/lib-nats-context#345a6a5d748e253bee39e3dd1ca33719a35f9ad3",
        "@liquid-bricks/lib-nats-subject": "github:LiquidBricks/lib-nats-subject#8d2f242951a919ba8f213a5a38f7b49546592548",
        "@nats-io/jetstream": "^3.0.2"
      }
    },
    "node_modules/@liquid-bricks/lib-nats-context": {
      "version": "1.0.0",
      "resolved": "git+ssh://git@github.com/LiquidBricks/lib-nats-context.git#345a6a5d748e253bee39e3dd1ca33719a35f9ad3",
      "integrity": "sha512-JtR8e4ZBZ2i4/rxy9KP1eKEDKwgKxGyIoaLt+pYnwgVYNulFrYsi7ZUI0/76ykd02V8PI2sU5FO+YOCbrNqGIQ==",
      "license": "ISC",
      "dependencies": {
        "@nats-io/jetstream": "^3.0.2",
        "@nats-io/kv": "^3.0.2",
        "@nats-io/transport-node": "^3.0.2"
      }
    },
    "node_modules/@liquid-bricks/lib-nats-subject": {
      "version": "1.0.0",
      "resolved": "git+ssh://git@github.com/LiquidBricks/lib-nats-subject.git#8d2f242951a919ba8f213a5a38f7b49546592548",
      "integrity": "sha512-zKWnJJ25w+UN6BUmikjk9PUVOnrLi++kMogpdG6d9gPsysF/Nlf2d/RHYbhXCa5dlpWbwjEcJpzDyQnrDWRnZg==",
      "license": "ISC"
    },
    "node_modules/@nats-io/jetstream": {
      "version": "3.3.0",
      "resolved": "https://registry.npmjs.org/@nats-io/jetstream/-/jetstream-3.3.0.tgz",
      "integrity": "sha512-SK6lSr+Wf9nd6mffV4gdd1yDZxlhILEUJg74bAaU9yjQ2kBOPIJDHlYc2yMzcuZnQxIUcTVI3L7ow2d4qEDslQ==",
      "license": "Apache-2.0",
      "dependencies": {
        "@nats-io/nats-core": "3.3.0"
      }
    },
    "node_modules/@nats-io/kv": {
      "version": "3.3.0",
      "resolved": "https://registry.npmjs.org/@nats-io/kv/-/kv-3.3.0.tgz",
      "integrity": "sha512-E3JBImH3OKOSf+BM6RrUeiwOAEIF3b+1UfW7Kqc0uf6r8G35kPsso2jexKYtZEisLY/wzhnDYkPWYlCJBhuSiQ==",
      "license": "Apache-2.0",
      "dependencies": {
        "@nats-io/jetstream": "3.3.0",
        "@nats-io/nats-core": "3.3.0"
      }
    },
    "node_modules/@nats-io/nats-core": {
      "version": "3.3.0",
      "resolved": "https://registry.npmjs.org/@nats-io/nats-core/-/nats-core-3.3.0.tgz",
      "integrity": "sha512-+ImSYab7NvOMvFFBSBbWl03a4s/OUXCpFFauZ4iRx8pp+5ptsaBQNpacyPXeg8jbjAMeEAWn2Zuyl7oJCUffJA==",
      "license": "Apache-2.0",
      "dependencies": {
        "@nats-io/nkeys": "2.0.3",
        "@nats-io/nuid": "2.0.3"
      }
    },
    "node_modules/@nats-io/nkeys": {
      "version": "2.0.3",
      "resolved": "https://registry.npmjs.org/@nats-io/nkeys/-/nkeys-2.0.3.tgz",
      "integrity": "sha512-JVt56GuE6Z89KUkI4TXUbSI9fmIfAmk6PMPknijmuL72GcD+UgIomTcRWiNvvJKxA01sBbmIPStqJs5cMRBC3A==",
      "license": "Apache-2.0",
      "dependencies": {
        "tweetnacl": "^1.0.3"
      },
      "engines": {
        "node": ">=18.0.0"
      }
    },
    "node_modules/@nats-io/nuid": {
      "version": "2.0.3",
      "resolved": "https://registry.npmjs.org/@nats-io/nuid/-/nuid-2.0.3.tgz",
      "integrity": "sha512-TpA3HEBna/qMVudy+3HZr5M3mo/L1JPofpVT4t0HkFGkz2Cn9wrlrQC8tvR8Md5Oa9//GtGG26eN0qEWF5Vqew==",
      "license": "Apache-2.0",
      "engines": {
        "node": ">= 18.x"
      }
    },
    "node_modules/@nats-io/transport-node": {
      "version": "3.3.0",
      "resolved": "https://registry.npmjs.org/@nats-io/transport-node/-/transport-node-3.3.0.tgz",
      "integrity": "sha512-A59+E0uL2FCzkvEbnhOPA4bKd4p1Ca6o5GwhVwVHzBPILjjGaSpgwgccaxnjwdsP+FBcMRrgXJ1wn6i1pf6nHQ==",
      "license": "Apache-2.0",
      "dependencies": {
        "@nats-io/nats-core": "3.3.0",
        "@nats-io/nkeys": "2.0.3",
        "@nats-io/nuid": "2.0.3"
      },
      "engines": {
        "node": ">= 18.0.0"
      }
    },
    "node_modules/tweetnacl": {
      "version": "1.0.3",
      "resolved": "https://registry.npmjs.org/tweetnacl/-/tweetnacl-1.0.3.tgz",
      "integrity": "sha512-6rt+RN7aOi1nGMyC4Xa5DdYiukl2UWCbcJft7YhxReBGQD7OAM8Pbxw6YMo4r2diNEA8FEmu32YOn9rhaiE5yw==",
      "license": "Unlicense"
    }
  }
}
